// !$*UTF8*$!
{
	archiveVersion = 1;
	classes = {
	};
	objectVersion = 50;
	objects = {

/* Begin PBXBuildFile section */
		DEFE9146235AED48005A04EE /* AppDelegate.swift in Sources */ = {isa = PBXBuildFile; fileRef = DEFE9145235AED48005A04EE /* AppDelegate.swift */; };
		DEFE9148235AED48005A04EE /* SceneDelegate.swift in Sources */ = {isa = PBXBuildFile; fileRef = DEFE9147235AED48005A04EE /* SceneDelegate.swift */; };
		DEFE914A235AED48005A04EE /* ContentView.swift in Sources */ = {isa = PBXBuildFile; fileRef = DEFE9149235AED48005A04EE /* ContentView.swift */; };
		DEFE914C235AED4A005A04EE /* Assets.xcassets in Resources */ = {isa = PBXBuildFile; fileRef = DEFE914B235AED4A005A04EE /* Assets.xcassets */; };
		DEFE914F235AED4A005A04EE /* Preview Assets.xcassets in Resources */ = {isa = PBXBuildFile; fileRef = DEFE914E235AED4A005A04EE /* Preview Assets.xcassets */; };
		DEFE9152235AED4A005A04EE /* LaunchScreen.storyboard in Resources */ = {isa = PBXBuildFile; fileRef = DEFE9150235AED4A005A04EE /* LaunchScreen.storyboard */; };
		DEFE915A235AEDA0005A04EE /* ApiImageView.swift in Sources */ = {isa = PBXBuildFile; fileRef = DEFE9159235AEDA0005A04EE /* ApiImageView.swift */; };
		DEFE915C235AEDB8005A04EE /* ApiImage.swift in Sources */ = {isa = PBXBuildFile; fileRef = DEFE915B235AEDB8005A04EE /* ApiImage.swift */; };
/* End PBXBuildFile section */

/* Begin PBXFileReference section */
		DEFE9142235AED48005A04EE /* AsyncLoadingImageFromApi.app */ = {isa = PBXFileReference; explicitFileType = wrapper.application; includeInIndex = 0; path = AsyncLoadingImageFromApi.app; sourceTree = BUILT_PRODUCTS_DIR; };
		DEFE9145235AED48005A04EE /* AppDelegate.swift */ = {isa = PBXFileReference; lastKnownFileType = sourcecode.swift; path = AppDelegate.swift; sourceTree = "<group>"; };
		DEFE9147235AED48005A04EE /* SceneDelegate.swift */ = {isa = PBXFileReference; lastKnownFileType = sourcecode.swift; path = SceneDelegate.swift; sourceTree = "<group>"; };
		DEFE9149235AED48005A04EE /* ContentView.swift */ = {isa = PBXFileReference; lastKnownFileType = sourcecode.swift; path = ContentView.swift; sourceTree = "<group>"; };
		DEFE914B235AED4A005A04EE /* Assets.xcassets */ = {isa = PBXFileReference; lastKnownFileType = folder.assetcatalog; path = Assets.xcassets; sourceTree = "<group>"; };
		DEFE914E235AED4A005A04EE /* Preview Assets.xcassets */ = {isa = PBXFileReference; lastKnownFileType = folder.assetcatalog; path = "Preview Assets.xcassets"; sourceTree = "<group>"; };
		DEFE9151235AED4A005A04EE /* Base */ = {isa = PBXFileReference; lastKnownFileType = file.storyboard; name = Base; path = Base.lproj/LaunchScreen.storyboard; sourceTree = "<group>"; };
		DEFE9153235AED4A005A04EE /* Info.plist */ = {isa = PBXFileReference; lastKnownFileType = text.plist.xml; path = Info.plist; sourceTree = "<group>"; };
		DEFE9159235AEDA0005A04EE /* ApiImageView.swift */ = {isa = PBXFileReference; lastKnownFileType = sourcecode.swift; path = ApiImageView.swift; sourceTree = "<group>"; };
		DEFE915B235AEDB8005A04EE /* ApiImage.swift */ = {isa = PBXFileReference; lastKnownFileType = sourcecode.swift; path = ApiImage.swift; sourceTree = "<group>"; };
/* End PBXFileReference section */

/* Begin PBXFrameworksBuildPhase section */
		DEFE913F235AED48005A04EE /* Frameworks */ = {
			isa = PBXFrameworksBuildPhase;
			buildActionMask = 2147483647;
			files = (
			);
			runOnlyForDeploymentPostprocessing = 0;
		};
/* End PBXFrameworksBuildPhase section */

/* Begin PBXGroup section */
		DEFE9139235AED48005A04EE = {
			isa = PBXGroup;
			children = (
				DEFE9144235AED48005A04EE /* AsyncLoadingImageFromApi */,
				DEFE9143235AED48005A04EE /* Products */,
			);
			sourceTree = "<group>";
		};
		DEFE9143235AED48005A04EE /* Products */ = {
			isa = PBXGroup;
			children = (
				DEFE9142235AED48005A04EE /* AsyncLoadingImageFromApi.app */,
			);
			name = Products;
			sourceTree = "<group>";
		};
		DEFE9144235AED48005A04EE /* AsyncLoadingImageFromApi */ = {
			isa = PBXGroup;
			children = (
				DEFE9145235AED48005A04EE /* AppDelegate.swift */,
				DEFE9147235AED48005A04EE /* SceneDelegate.swift */,
				DEFE9149235AED48005A04EE /* ContentView.swift */,
				DEFE914B235AED4A005A04EE /* Assets.xcassets */,
				DEFE9150235AED4A005A04EE /* LaunchScreen.storyboard */,
				DEFE9153235AED4A005A04EE /* Info.plist */,
				DEFE914D235AED4A005A04EE /* Preview Content */,
				DEFE9159235AEDA0005A04EE /* ApiImageView.swift */,
				DEFE915B235AEDB8005A04EE /* ApiImage.swift */,
			);
			path = AsyncLoadingImageFromApi;
			sourceTree = "<group>";
		};
		DEFE914D235AED4A005A04EE /* Preview Content */ = {
			isa = PBXGroup;
			children = (
				DEFE914E235AED4A005A04EE /* Preview Assets.xcassets */,
			);
			path = "Preview Content";
			sourceTree = "<group>";
		};
/* End PBXGroup section */

/* Begin PBXNativeTarget section */
		DEFE9141235AED48005A04EE /* AsyncLoadingImageFromApi */ = {
			isa = PBXNativeTarget;
			buildConfigurationList = DEFE9156235AED4A005A04EE /* Build configuration list for PBXNativeTarget "AsyncLoadingImageFromApi" */;
			buildPhases = (
				DEFE913E235AED48005A04EE /* Sources */,
				DEFE913F235AED48005A04EE /* Frameworks */,
				DEFE9140235AED48005A04EE /* Resources */,
			);
			buildRules = (
			);
			dependencies = (
			);
			name = AsyncLoadingImageFromApi;
			productName = AsyncLoadingImageFromApi;
			productReference = DEFE9142235AED48005A04EE /* AsyncLoadingImageFromApi.app */;
			productType = "com.apple.product-type.application";
		};
/* End PBXNativeTarget section */

/* Begin PBXProject section */
		DEFE913A235AED48005A04EE /* Project object */ = {
			isa = PBXProject;
			attributes = {
				LastSwiftUpdateCheck = 1110;
				LastUpgradeCheck = 1110;
				ORGANIZATIONNAME = SchwiftyUI;
				TargetAttributes = {
					DEFE9141235AED48005A04EE = {
						CreatedOnToolsVersion = 11.1;
					};
				};
			};
			buildConfigurationList = DEFE913D235AED48005A04EE /* Build configuration list for PBXProject "AsyncLoadingImageFromApi" */;
			compatibilityVersion = "Xcode 9.3";
			developmentRegion = en;
			hasScannedForEncodings = 0;
			knownRegions = (
				en,
				Base,
			);
			mainGroup = DEFE9139235AED48005A04EE;
			productRefGroup = DEFE9143235AED48005A04EE /* Products */;
			projectDirPath = "";
			projectRoot = "";
			targets = (
				DEFE9141235AED48005A04EE /* AsyncLoadingImageFromApi */,
			);
		};
/* End PBXProject section */

/* Begin PBXResourcesBuildPhase section */
		DEFE9140235AED48005A04EE /* Resources */ = {
			isa = PBXResourcesBuildPhase;
			buildActionMask = 2147483647;
			files = (
				DEFE9152235AED4A005A04EE /* LaunchScreen.storyboard in Resources */,
				DEFE914F235AED4A005A04EE /* Preview Assets.xcassets in Resources */,
				DEFE914C235AED4A005A04EE /* Assets.xcassets in Resources */,
			);
			runOnlyForDeploymentPostprocessing = 0;
		};
/* End PBXResourcesBuildPhase section */

/* Begin PBXSourcesBuildPhase section */
		DEFE913E235AED48005A04EE /* Sources */ = {
			isa = PBXSourcesBuildPhase;
			buildActionMask = 2147483647;
			files = (
				DEFE9146235AED48005A04EE /* AppDelegate.swift in Sources */,
				DEFE915A235AEDA0005A04EE /* ApiImageView.swift in Sources */,
				DEFE9148235AED48005A04EE /* SceneDelegate.swift in Sources */,
				DEFE914A235AED48005A04EE /* ContentView.swift in Sources */,
				DEFE915C235AEDB8005A04EE /* ApiImage.swift in Sources */,
			);
			runOnlyForDeploymentPostprocessing = 0;
		};
/* End PBXSourcesBuildPhase section */

/* Begin PBXVariantGroup section */
		DEFE9150235AED4A005A04EE /* LaunchScreen.storyboard */ = {
			isa = PBXVariantGroup;
			children = (
				DEFE9151235AED4A005A04EE /* Base */,
			);
			name = LaunchScreen.storyboard;
			sourceTree = "<group>";
		};
/* End PBXVariantGroup section */

/* Begin XCBuildConfiguration section */
		DEFE9154235AED4A005A04EE /* Debug */ = {
			isa = XCBuildConfiguration;
			buildSettings = {
				ALWAYS_SEARCH_USER_PATHS = NO;
				CLANG_ANALYZER_NONNULL = YES;
				CLANG_ANALYZER_NUMBER_OBJECT_CONVERSION = YES_AGGRESSIVE;
				CLANG_CXX_LANGUAGE_STANDARD = "gnu++14";
				CLANG_CXX_LIBRARY = "libc++";
				CLANG_ENABLE_MODULES = YES;
				CLANG_ENABLE_OBJC_ARC = YES;
				CLANG_ENABLE_OBJC_WEAK = YES;
				CLANG_WARN_BLOCK_CAPTURE_AUTORELEASING = YES;
				CLANG_WARN_BOOL_CONVERSION = YES;
				CLANG_WARN_COMMA = YES;
				CLANG_WARN_CONSTANT_CONVERSION = YES;
				CLANG_WARN_DEPRECATED_OBJC_IMPLEMENTATIONS = YES;
				CLANG_WARN_DIRECT_OBJC_ISA_USAGE = YES_ERROR;
				CLANG_WARN_DOCUMENTATION_COMMENTS = YES;
				CLANG_WARN_EMPTY_BODY = YES;
				CLANG_WARN_ENUM_CONVERSION = YES;
				CLANG_WARN_INFINITE_RECURSION = YES;
				CLANG_WARN_INT_CONVERSION = YES;
				CLANG_WARN_NON_LITERAL_NULL_CONVERSION = YES;
				CLANG_WARN_OBJC_IMPLICIT_RETAIN_SELF = YES;
				CLANG_WARN_OBJC_LITERAL_CONVERSION = YES;
				CLANG_WARN_OBJC_ROOT_CLASS = YES_ERROR;
				CLANG_WARN_RANGE_LOOP_ANALYSIS = YES;
				CLANG_WARN_STRICT_PROTOTYPES = YES;
				CLANG_WARN_SUSPICIOUS_MOVE = YES;
				CLANG_WARN_UNGUARDED_AVAILABILITY = YES_AGGRESSIVE;
				CLANG_WARN_UNREACHABLE_CODE = YES;
				CLANG_WARN__DUPLICATE_METHOD_MATCH = YES;
				COPY_PHASE_STRIP = NO;
				DEBUG_INFORMATION_FORMAT = dwarf;
				ENABLE_STRICT_OBJC_MSGSEND = YES;
				ENABLE_TESTABILITY = YES;
				GCC_C_LANGUAGE_STANDARD = gnu11;
				GCC_DYNAMIC_NO_PIC = NO;
				GCC_NO_COMMON_BLOCKS = YES;
				GCC_OPTIMIZATION_LEVEL = 0;
				GCC_PREPROCESSOR_DEFINITIONS = (
					"DEBUG=1",
					"$(inherited)",
				);
				GCC_WARN_64_TO_32_BIT_CONVERSION = YES;
				GCC_WARN_ABOUT_RETURN_TYPE = YES_ERROR;
				GCC_WARN_UNDECLARED_SELECTOR = YES;
				GCC_WARN_UNINITIALIZED_AUTOS = YES_AGGRESSIVE;
				GCC_WARN_UNUSED_FUNCTION = YES;
				GCC_WARN_UNUSED_VARIABLE = YES;
				IPHONEOS_DEPLOYMENT_TARGET = 13.1;
				MTL_ENABLE_DEBUG_INFO = INCLUDE_SOURCE;
				MTL_FAST_MATH = YES;
				ONLY_ACTIVE_ARCH = YES;
				SDKROOT = iphoneos;
				SWIFT_ACTIVE_COMPILATION_CONDITIONS = DEBUG;
				SWIFT_OPTIMIZATION_LEVEL = "-Onone";
			};
			name = Debug;
		};
		DEFE9155235AED4A005A04EE /* Release */ = {
			isa = XCBuildConfiguration;
			buildSettings = {
				ALWAYS_SEARCH_USER_PATHS = NO;
				CLANG_ANALYZER_NONNULL = YES;
				CLANG_ANALYZER_NUMBER_OBJECT_CONVERSION = YES_AGGRESSIVE;
				CLANG_CXX_LANGUAGE_STANDARD = "gnu++14";
				CLANG_CXX_LIBRARY = "libc++";
				CLANG_ENABLE_MODULES = YES;
				CLANG_ENABLE_OBJC_ARC = YES;
				CLANG_ENABLE_OBJC_WEAK = YES;
				CLANG_WARN_BLOCK_CAPTURE_AUTORELEASING = YES;
				CLANG_WARN_BOOL_CONVERSION = YES;
				CLANG_WARN_COMMA = YES;
				CLANG_WARN_CONSTANT_CONVERSION = YES;
				CLANG_WARN_DEPRECATED_OBJC_IMPLEMENTATIONS = YES;
				CLANG_WARN_DIRECT_OBJC_ISA_USAGE = YES_ERROR;
				CLANG_WARN_DOCUMENTATION_COMMENTS = YES;
				CLANG_WARN_EMPTY_BODY = YES;
				CLANG_WARN_ENUM_CONVERSION = YES;
				CLANG_WARN_INFINITE_RECURSION = YES;
				CLANG_WARN_INT_CONVERSION = YES;
				CLANG_WARN_NON_LITERAL_NULL_CONVERSION = YES;
				CLANG_WARN_OBJC_IMPLICIT_RETAIN_SELF = YES;
				CLANG_WARN_OBJC_LITERAL_CONVERSION = YES;
				CLANG_WARN_OBJC_ROOT_CLASS = YES_ERROR;
				CLANG_WARN_RANGE_LOOP_ANALYSIS = YES;
				CLANG_WARN_STRICT_PROTOTYPES = YES;
				CLANG_WARN_SUSPICIOUS_MOVE = YES;
				CLANG_WARN_UNGUARDED_AVAILABILITY = YES_AGGRESSIVE;
				CLANG_WARN_UNREACHABLE_CODE = YES;
				CLANG_WARN__DUPLICATE_METHOD_MATCH = YES;
				COPY_PHASE_STRIP = NO;
				DEBUG_INFORMATION_FORMAT = "dwarf-with-dsym";
				ENABLE_NS_ASSERTIONS = NO;
				ENABLE_STRICT_OBJC_MSGSEND = YES;
				GCC_C_LANGUAGE_STANDARD = gnu11;
				GCC_NO_COMMON_BLOCKS = YES;
				GCC_WARN_64_TO_32_BIT_CONVERSION = YES;
				GCC_WARN_ABOUT_RETURN_TYPE = YES_ERROR;
				GCC_WARN_UNDECLARED_SELECTOR = YES;
				GCC_WARN_UNINITIALIZED_AUTOS = YES_AGGRESSIVE;
				GCC_WARN_UNUSED_FUNCTION = YES;
				GCC_WARN_UNUSED_VARIABLE = YES;
				IPHONEOS_DEPLOYMENT_TARGET = 13.1;
				MTL_ENABLE_DEBUG_INFO = NO;
				MTL_FAST_MATH = YES;
				SDKROOT = iphoneos;
				SWIFT_COMPILATION_MODE = wholemodule;
				SWIFT_OPTIMIZATION_LEVEL = "-O";
				VALIDATE_PRODUCT = YES;
			};
			name = Release;
		};
		DEFE9157235AED4A005A04EE /* Debug */ = {
			isa = XCBuildConfiguration;
			buildSettings = {
				ASSETCATALOG_COMPILER_APPICON_NAME = AppIcon;
				CODE_SIGN_STYLE = Automatic;
				DEVELOPMENT_ASSET_PATHS = "\"AsyncLoadingImageFromApi/Preview Content\"";
				ENABLE_PREVIEWS = YES;
				INFOPLIST_FILE = AsyncLoadingImageFromApi/Info.plist;
				LD_RUNPATH_SEARCH_PATHS = (
					"$(inherited)",
					"@executable_path/Frameworks",
				);
				PRODUCT_BUNDLE_IDENTIFIER = com.SchwiftyUI.AsyncLoadingImageFromApi;
				PRODUCT_NAME = "$(TARGET_NAME)";
				SWIFT_VERSION = 5.0;
				TARGETED_DEVICE_FAMILY = "1,2";
			};
			name = Debug;
		};
		DEFE9158235AED4A005A04EE /* Release */ = {
			isa = XCBuildConfiguration;
			buildSettings = {
				ASSETCATALOG_COMPILER_APPICON_NAME = AppIcon;
				CODE_SIGN_STYLE = Automatic;
				DEVELOPMENT_ASSET_PATHS = "\"AsyncLoadingImageFromApi/Preview Content\"";
				ENABLE_PREVIEWS = YES;
				INFOPLIST_FILE = AsyncLoadingImageFromApi/Info.plist;
				LD_RUNPATH_SEARCH_PATHS = (
					"$(inherited)",
					"@executable_path/Frameworks",
				);
				PRODUCT_BUNDLE_IDENTIFIER = com.SchwiftyUI.AsyncLoadingImageFromApi;
				PRODUCT_NAME = "$(TARGET_NAME)";
				SWIFT_VERSION = 5.0;
				TARGETED_DEVICE_FAMILY = "1,2";
			};
			name = Release;
		};
/* End XCBuildConfiguration section */

/* Begin XCConfigurationList section */
		DEFE913D235AED48005A04EE /* Build configuration list for PBXProject "AsyncLoadingImageFromApi" */ = {
			isa = XCConfigurationList;
			buildConfigurations = (
				DEFE9154235AED4A005A04EE /* Debug */,
				DEFE9155235AED4A005A04EE /* Release */,
			);
			defaultConfigurationIsVisible = 0;
			defaultConfigurationName = Release;
		};
		DEFE9156235AED4A005A04EE /* Build configuration list for PBXNativeTarget "AsyncLoadingImageFromApi" */ = {
			isa = XCConfigurationList;
			buildConfigurations = (
				DEFE9157235AED4A005A04EE /* Debug */,
				DEFE9158235AED4A005A04EE /* Release */,
			);
			defaultConfigurationIsVisible = 0;
			defaultConfigurationName = Release;
		};
/* End XCConfigurationList section */
	};
	rootObject = DEFE913A235AED48005A04EE /* Project object */;
}
